
Microsoft Visual Studio Solution File, Format Version 12.00
# Visual Studio 15
VisualStudioVersion = 15.0.27130.2010
MinimumVisualStudioVersion = 10.0.40219.1
Project("{8BC9CEB8-8B4A-11D0-8D11-00A0C91BC942}") = "ConsoleApplication34", "ConsoleApplication34\ConsoleApplication34.vcxproj", "{AB2E7212-8D55-44B8-B6E2-89A0867E1C30}"
EndProject
Global
	GlobalSection(SolutionConfigurationPlatforms) = preSolution
		Debug|x64 = Debug|x64
		Debug|x86 = Debug|x86
		Release|x64 = Release|x64
		Release|x86 = Release|x86
	EndGlobalSection
	GlobalSection(ProjectConfigurationPlatforms) = postSolution
		{AB2E7212-8D55-44B8-B6E2-89A0867E1C30}.Debug|x64.ActiveCfg = Debug|x64
		{AB2E7212-8D55-44B8-B6E2-89A0867E1C30}.Debug|x64.Build.0 = Debug|x64
		{AB2E7212-8D55-44B8-B6E2-89A0867E1C30}.Debug|x86.ActiveCfg = Debug|Win32
		{AB2E7212-8D55-44B8-B6E2-89A0867E1C30}.Debug|x86.Build.0 = Debug|Win32
		{AB2E7212-8D55-44B8-B6E2-89A0867E1C30}.Release|x64.ActiveCfg = Release|x64
		{AB2E7212-8D55-44B8-B6E2-89A0867E1C30}.Release|x64.Build.0 = Release|x64
		{AB2E7212-8D55-44B8-B6E2-89A0867E1C30}.Release|x86.ActiveCfg = Release|Win32
		{AB2E7212-8D55-44B8-B6E2-89A0867E1C30}.Release|x86.Build.0 = Release|Win32
	EndGlobalSection
	GlobalSection(SolutionProperties) = preSolution
		HideSolutionNode = FALSE
	EndGlobalSection
	GlobalSection(ExtensibilityGlobals) = postSolution
		SolutionGuid = {D9B2D1B2-5BD2-4BDA-84BE-6EB9F4ECBC06}
	EndGlobalSection
EndGlobal
